<Solution>
  <Folder Name="/src/">
    <Project Path="src/IEM.App/IEM.App.csproj" />
    <Project Path="src/IEM.Cli/IEM.Cli.csproj" />
    <Project Path="src/IEM.Core/IEM.Core.csproj" />
    <Project Path="src/IEM.Evidence/IEM.Evidence.csproj" />
    <Project Path="src/IEM.Linux/IEM.Linux.csproj" />
    <Project Path="src/IEM.Presentation/IEM.Presentation.csproj" />
    <Project Path="src/IEM.Service/IEM.Service.csproj" />
    <Project Path="src/IEM.Service.Linux/IEM.Service.Linux.csproj" />
    <Project Path="src/IEM.Service.Runtime/IEM.Service.Runtime.csproj" />
    <Project Path="src/IEM.Storage/IEM.Storage.csproj" />
    <Project Path="src/IEM.Verification/IEM.Verification.csproj" />
    <Project Path="src/IEM.Verifier/IEM.Verifier.csproj" />
    <Project Path="src/IEM.Windows/IEM.Windows.csproj" />
  </Folder>

  <Folder Name="/tests/">
    <Project Path="tests/IEM.App.Tests/IEM.App.Tests.csproj" />
    <Project Path="tests/IEM.Core.Tests/IEM.Core.Tests.csproj" />
  </Folder>

  <Folder Name="/tools/">
    <Project Path="tools/IEM.TimeRunner/IEM.TimeRunner.csproj" />
  </Folder>
</Solution>
